
Microsoft Visual Studio Solution File, Format Version 12.00
Project("{FAE04EC0-301F-11D3-BF4B-00C04F79EFBC}") = "YouCan", "YouCan.csproj", "{D8744237-95F9-4A64-937A-46B5CD07AED2}"
EndProject
Global
	GlobalSection(SolutionConfigurationPlatforms) = preSolution
		Debug|Any CPU = Debug|Any CPU
		Release|Any CPU = Release|Any CPU
	EndGlobalSection
	GlobalSection(ProjectConfigurationPlatforms) = postSolution
		{D8744237-95F9-4A64-937A-46B5CD07AED2}.Debug|Any CPU.ActiveCfg = Debug|Any CPU
		{D8744237-95F9-4A64-937A-46B5CD07AED2}.Debug|Any CPU.Build.0 = Debug|Any CPU
		{D8744237-95F9-4A64-937A-46B5CD07AED2}.Release|Any CPU.ActiveCfg = Release|Any CPU
		{D8744237-95F9-4A64-937A-46B5CD07AED2}.Release|Any CPU.Build.0 = Release|Any CPU
	EndGlobalSection
EndGlobal
