
Microsoft Visual Studio Solution File, Format Version 12.00
# Visual Studio Version 16
VisualStudioVersion = 25.0.1706.4
MinimumVisualStudioVersion = 10.0.40219.1
Project("{FAE04EC0-301F-11D3-BF4B-00C04F79EFBC}") = "YouCan.Web", "YouCan.Web.csproj", "{92741F52-472C-418E-94D2-AB669ED2EB55}"
EndProject
Global
	GlobalSection(SolutionConfigurationPlatforms) = preSolution
		Debug|Any CPU = Debug|Any CPU
		Release|Any CPU = Release|Any CPU
	EndGlobalSection
	GlobalSection(ProjectConfigurationPlatforms) = postSolution
		{92741F52-472C-418E-94D2-AB669ED2EB55}.Debug|Any CPU.ActiveCfg = Debug|Any CPU
		{92741F52-472C-418E-94D2-AB669ED2EB55}.Debug|Any CPU.Build.0 = Debug|Any CPU
		{92741F52-472C-418E-94D2-AB669ED2EB55}.Release|Any CPU.ActiveCfg = Release|Any CPU
		{92741F52-472C-418E-94D2-AB669ED2EB55}.Release|Any CPU.Build.0 = Release|Any CPU
	EndGlobalSection
	GlobalSection(SolutionProperties) = preSolution
		HideSolutionNode = FALSE
	EndGlobalSection
	GlobalSection(ExtensibilityGlobals) = postSolution
		SolutionGuid = {CE1D3393-994A-4407-A83C-E5147B0A827E}
	EndGlobalSection
EndGlobal
